{
  "nodes": {
    "flake-utils": {
      "inputs": {
        "systems": "systems"
      },
      "locked": {
        "lastModified": 1731533236,
        "narHash": "sha256-l0KFg5HjrsfsO/JpG+r7fRrqm12kzFHyUHqHCVpMMbI=",
        "owner": "numtide",
        "repo": "flake-utils",
        "rev": "11707dc2f618dd54ca8739b309ec4fc024de578b",
        "type": "github"
      },
      "original": {
        "owner": "numtide",
        "repo": "flake-utils",
        "type": "github"
      }
    },
    "nixpkgs": {
      "locked": {
        "lastModified": 1716457947,
        "narHash": "sha256-Y+exebcqeprnhEpoPJrEUZmNeO60qeOxkVHhqG/OEwQ=",
        "owner": "nixos",
        "repo": "nixpkgs",
        "rev": "69493a13eaea0dc4682fd07e8a084f17813dbeeb",
        "type": "github"
      },
      "original": {
        "owner": "nixos",
        "repo": "nixpkgs",
        "rev": "69493a13eaea0dc4682fd07e8a084f17813dbeeb",
        "type": "github"
      }
    },
    "root": {
      "inputs": {
        "flake-utils": "flake-utils",
        "nixpkgs": [
          "rv-nix-tools",
          "nixpkgs"
        ],
        "rust-overlay": "rust-overlay",
        "rv-nix-tools": "rv-nix-tools"
      }
    },
    "rust-overlay": {
      "inputs": {
        "nixpkgs": [
          "nixpkgs"
        ]
      },
      "locked": {
        "lastModified": 1754276100,
        "narHash": "sha256-VmYP9Jo0U234xtGTGtihqNHfGy1JZ1h9WaaJlIuzgCk=",
        "owner": "oxalica",
        "repo": "rust-overlay",
        "rev": "dc2d2489572fa8a3b86c15ff9fd01f99b90cb90d",
        "type": "github"
      },
      "original": {
        "owner": "oxalica",
        "repo": "rust-overlay",
        "type": "github"
      }
    },
    "rv-nix-tools": {
      "inputs": {
        "nixpkgs": "nixpkgs"
      },
      "locked": {
        "lastModified": 1726497185,
        "narHash": "sha256-iN+5eLmDm/rLuIZezS5ZqiW1BtBpwrrM9CPPP7Z5Tog=",
        "owner": "runtimeverification",
        "repo": "rv-nix-tools",
        "rev": "854d4f05ea78547d46e807b414faad64cea10ae4",
        "type": "github"
      },
      "original": {
        "owner": "runtimeverification",
        "repo": "rv-nix-tools",
        "rev": "854d4f05ea78547d46e807b414faad64cea10ae4",
        "type": "github"
      }
    },
    "systems": {
      "locked": {
        "lastModified": 1681028828,
        "narHash": "sha256-Vy1rq5AaRuLzOxct8nz4T6wlgyUR7zLU309k9mBC768=",
        "owner": "nix-systems",
        "repo": "default",
        "rev": "da67096a3b9bf56a91d16901293e51ba5b49a27e",
        "type": "github"
      },
      "original": {
        "owner": "nix-systems",
        "repo": "default",
        "type": "github"
      }
    }
  },
  "root": "root",
  "version": 7
}
